
Microsoft Visual Studio Solution File, Format Version 12.00
# Visual Studio 15
VisualStudioVersion = 15.0.27130.2020
MinimumVisualStudioVersion = 10.0.40219.1
Project("{9A19103F-16F7-4668-BE54-9A1E7A4F7556}") = "benchmark", "benchmark\benchmark.csproj", "{C9B832E8-A77A-4538-878E-6AB97DBCE006}"
EndProject
Project("{2150E333-8FDC-42A3-9474-1A3956D46DE8}") = "Test", "Test", "{EDE75964-C914-467A-8B78-83AFBDC54356}"
EndProject
Project("{FAE04EC0-301F-11D3-BF4B-00C04F79EFBC}") = "ClassLibrary2", "ClassLibrary2\ClassLibrary2.csproj", "{A64919EA-AEB5-4D5D-99B9-87D73CBDD81E}"
EndProject
Global
	GlobalSection(SolutionConfigurationPlatforms) = preSolution
		Debug|Any CPU = Debug|Any CPU
		Release|Any CPU = Release|Any CPU
	EndGlobalSection
	GlobalSection(ProjectConfigurationPlatforms) = postSolution
		{C9B832E8-A77A-4538-878E-6AB97DBCE006}.Debug|Any CPU.ActiveCfg = Debug|Any CPU
		{C9B832E8-A77A-4538-878E-6AB97DBCE006}.Debug|Any CPU.Build.0 = Debug|Any CPU
		{C9B832E8-A77A-4538-878E-6AB97DBCE006}.Release|Any CPU.ActiveCfg = Release|Any CPU
		{C9B832E8-A77A-4538-878E-6AB97DBCE006}.Release|Any CPU.Build.0 = Release|Any CPU
		{A64919EA-AEB5-4D5D-99B9-87D73CBDD81E}.Debug|Any CPU.ActiveCfg = Debug|Any CPU
		{A64919EA-AEB5-4D5D-99B9-87D73CBDD81E}.Debug|Any CPU.Build.0 = Debug|Any CPU
		{A64919EA-AEB5-4D5D-99B9-87D73CBDD81E}.Release|Any CPU.ActiveCfg = Release|Any CPU
		{A64919EA-AEB5-4D5D-99B9-87D73CBDD81E}.Release|Any CPU.Build.0 = Release|Any CPU
	EndGlobalSection
	GlobalSection(SolutionProperties) = preSolution
		HideSolutionNode = FALSE
	EndGlobalSection
	GlobalSection(NestedProjects) = preSolution
		{A64919EA-AEB5-4D5D-99B9-87D73CBDD81E} = {EDE75964-C914-467A-8B78-83AFBDC54356}
	EndGlobalSection
	GlobalSection(ExtensibilityGlobals) = postSolution
		SolutionGuid = {433010CB-9D15-410F-B27D-4DF1D5B0D582}
	EndGlobalSection
EndGlobal
